// !$*UTF8*$!
{
	archiveVersion = 1;
	classes = {
	};
	objectVersion = 46;
	objects = {

/* Begin PBXBuildFile section */
		C3EEE6A5CCE9DE74F4C06ABD /* main.swift in Sources */ = {isa = PBXBuildFile; fileRef = C3EEEA6557959D8E1B015E72 /* main.swift */; };
/* End PBXBuildFile section */

/* Begin PBXCopyFilesBuildPhase section */
		C3EEE91C3F8688010AE3E37D /* CopyFiles */ = {
			isa = PBXCopyFilesBuildPhase;
			buildActionMask = 2147483647;
			dstPath = /usr/share/man/man1/;
			dstSubfolderSpec = 0;
			files = (
			);
			runOnlyForDeploymentPostprocessing = 1;
		};
/* End PBXCopyFilesBuildPhase section */

/* Begin PBXFileReference section */
		C3EEE226D1497E387EFF547D /* Fracciones */ = {isa = PBXFileReference; explicitFileType = "compiled.mach-o.executable"; includeInIndex = 0; path = Fracciones; sourceTree = BUILT_PRODUCTS_DIR; };
		C3EEEA6557959D8E1B015E72 /* main.swift */ = {isa = PBXFileReference; lastKnownFileType = sourcecode.swift; path = main.swift; sourceTree = "<group>"; };
/* End PBXFileReference section */

/* Begin PBXFrameworksBuildPhase section */
		C3EEEF1D0572191A5834BE53 /* Frameworks */ = {
			isa = PBXFrameworksBuildPhase;
			buildActionMask = 2147483647;
			files = (
			);
			runOnlyForDeploymentPostprocessing = 0;
		};
/* End PBXFrameworksBuildPhase section */

/* Begin PBXGroup section */
		C3EEE5256CE4874C2C617D32 /* Fracciones */ = {
			isa = PBXGroup;
			children = (
				C3EEEA6557959D8E1B015E72 /* main.swift */,
			);
			path = Fracciones;
			sourceTree = "<group>";
		};
		C3EEE5C6033576D7C41C256A = {
			isa = PBXGroup;
			children = (
				C3EEEC4252D0F38F7FBFF998 /* Products */,
				C3EEE5256CE4874C2C617D32 /* Fracciones */,
			);
			sourceTree = "<group>";
		};
		C3EEEC4252D0F38F7FBFF998 /* Products */ = {
			isa = PBXGroup;
			children = (
				C3EEE226D1497E387EFF547D /* Fracciones */,
			);
			name = Products;
			sourceTree = "<group>";
		};
/* End PBXGroup section */

/* Begin PBXNativeTarget section */
		C3EEE2F0023F1C710A541754 /* Fracciones */ = {
			isa = PBXNativeTarget;
			buildConfigurationList = C3EEEE89BE7BF16B1836B63D /* Build configuration list for PBXNativeTarget "Fracciones" */;
			buildPhases = (
				C3EEE13F8518AAF6EE02C0C7 /* Sources */,
				C3EEEF1D0572191A5834BE53 /* Frameworks */,
				C3EEE91C3F8688010AE3E37D /* CopyFiles */,
			);
			buildRules = (
			);
			dependencies = (
			);
			name = Fracciones;
			productName = Fracciones;
			productReference = C3EEE226D1497E387EFF547D /* Fracciones */;
			productType = "com.apple.product-type.tool";
		};
/* End PBXNativeTarget section */

/* Begin PBXProject section */
		C3EEE2D973F24D35EF462BCB /* Project object */ = {
			isa = PBXProject;
			attributes = {
				ORGANIZATIONNAME = iyubinest;
			};
			buildConfigurationList = C3EEEE01AFE117D4BF0B7AF0 /* Build configuration list for PBXProject "Fracciones" */;
			compatibilityVersion = "Xcode 3.2";
			developmentRegion = English;
			hasScannedForEncodings = 0;
			knownRegions = (
				en,
			);
			mainGroup = C3EEE5C6033576D7C41C256A;
			productRefGroup = C3EEEC4252D0F38F7FBFF998 /* Products */;
			projectDirPath = "";
			projectRoot = "";
			targets = (
				C3EEE2F0023F1C710A541754 /* Fracciones */,
			);
		};
/* End PBXProject section */

/* Begin PBXSourcesBuildPhase section */
		C3EEE13F8518AAF6EE02C0C7 /* Sources */ = {
			isa = PBXSourcesBuildPhase;
			buildActionMask = 2147483647;
			files = (
				C3EEE6A5CCE9DE74F4C06ABD /* main.swift in Sources */,
			);
			runOnlyForDeploymentPostprocessing = 0;
		};
/* End PBXSourcesBuildPhase section */

/* Begin XCBuildConfiguration section */
		C3EEE20979A25D96AA9905D9 /* Debug */ = {
			isa = XCBuildConfiguration;
			buildSettings = {
				ALWAYS_SEARCH_USER_PATHS = NO;
				CLANG_ANALYZER_NONNULL = YES;
				CLANG_CXX_LANGUAGE_STANDARD = "gnu++0x";
				CLANG_CXX_LIBRARY = "libc++";
				CLANG_ENABLE_MODULES = YES;
				CLANG_ENABLE_OBJC_ARC = YES;
				CLANG_WARN_BOOL_CONVERSION = YES;
				CLANG_WARN_CONSTANT_CONVERSION = YES;
				CLANG_WARN_DIRECT_OBJC_ISA_USAGE = YES_ERROR;
				CLANG_WARN_EMPTY_BODY = YES;
				CLANG_WARN_ENUM_CONVERSION = YES;
				CLANG_WARN_INT_CONVERSION = YES;
				CLANG_WARN_OBJC_ROOT_CLASS = YES_ERROR;
				CLANG_WARN_UNREACHABLE_CODE = YES;
				CLANG_WARN__DUPLICATE_METHOD_MATCH = YES;
				CODE_SIGN_IDENTITY = "-";
				COPY_PHASE_STRIP = NO;
				DEBUG_INFORMATION_FORMAT = dwarf;
				ENABLE_STRICT_OBJC_MSGSEND = YES;
				ENABLE_TESTABILITY = YES;
				GCC_C_LANGUAGE_STANDARD = gnu99;
				GCC_DYNAMIC_NO_PIC = NO;
				GCC_NO_COMMON_BLOCKS = YES;
				GCC_OPTIMIZATION_LEVEL = 0;
				GCC_PREPROCESSOR_DEFINITIONS = (
					"DEBUG=1",
					"$(inherited)",
				);
				GCC_WARN_64_TO_32_BIT_CONVERSION = YES;
				GCC_WARN_ABOUT_RETURN_TYPE = YES_ERROR;
				GCC_WARN_UNDECLARED_SELECTOR = YES;
				GCC_WARN_UNINITIALIZED_AUTOS = YES_AGGRESSIVE;
				GCC_WARN_UNUSED_FUNCTION = YES;
				GCC_WARN_UNUSED_VARIABLE = YES;
				MACOSX_DEPLOYMENT_TARGET = 10.11;
				MTL_ENABLE_DEBUG_INFO = YES;
				ONLY_ACTIVE_ARCH = YES;
				SDKROOT = macosx;
				SWIFT_OPTIMIZATION_LEVEL = "-Onone";
			};
			name = Debug;
		};
		C3EEE3F2A3D93F7BD3D300B3 /* Release */ = {
			isa = XCBuildConfiguration;
			buildSettings = {
				PRODUCT_NAME = "$(TARGET_NAME)";
			};
			name = Release;
		};
		C3EEE3F4FFF2AE86EFBA5271 /* Debug */ = {
			isa = XCBuildConfiguration;
			buildSettings = {
				PRODUCT_NAME = "$(TARGET_NAME)";
			};
			name = Debug;
		};
		C3EEEF0B95F9D15D34D174CF /* Release */ = {
			isa = XCBuildConfiguration;
			buildSettings = {
				ALWAYS_SEARCH_USER_PATHS = NO;
				CLANG_ANALYZER_NONNULL = YES;
				CLANG_CXX_LANGUAGE_STANDARD = "gnu++0x";
				CLANG_CXX_LIBRARY = "libc++";
				CLANG_ENABLE_MODULES = YES;
				CLANG_ENABLE_OBJC_ARC = YES;
				CLANG_WARN_BOOL_CONVERSION = YES;
				CLANG_WARN_CONSTANT_CONVERSION = YES;
				CLANG_WARN_DIRECT_OBJC_ISA_USAGE = YES_ERROR;
				CLANG_WARN_EMPTY_BODY = YES;
				CLANG_WARN_ENUM_CONVERSION = YES;
				CLANG_WARN_INT_CONVERSION = YES;
				CLANG_WARN_OBJC_ROOT_CLASS = YES_ERROR;
				CLANG_WARN_UNREACHABLE_CODE = YES;
				CLANG_WARN__DUPLICATE_METHOD_MATCH = YES;
				CODE_SIGN_IDENTITY = "-";
				COPY_PHASE_STRIP = NO;
				DEBUG_INFORMATION_FORMAT = "dwarf-with-dsym";
				ENABLE_NS_ASSERTIONS = NO;
				ENABLE_STRICT_OBJC_MSGSEND = YES;
				GCC_C_LANGUAGE_STANDARD = gnu99;
				GCC_NO_COMMON_BLOCKS = YES;
				GCC_WARN_64_TO_32_BIT_CONVERSION = YES;
				GCC_WARN_ABOUT_RETURN_TYPE = YES_ERROR;
				GCC_WARN_UNDECLARED_SELECTOR = YES;
				GCC_WARN_UNINITIALIZED_AUTOS = YES_AGGRESSIVE;
				GCC_WARN_UNUSED_FUNCTION = YES;
				GCC_WARN_UNUSED_VARIABLE = YES;
				MACOSX_DEPLOYMENT_TARGET = 10.11;
				MTL_ENABLE_DEBUG_INFO = NO;
				SDKROOT = macosx;
			};
			name = Release;
		};
/* End XCBuildConfiguration section */

/* Begin XCConfigurationList section */
		C3EEEE01AFE117D4BF0B7AF0 /* Build configuration list for PBXProject "Fracciones" */ = {
			isa = XCConfigurationList;
			buildConfigurations = (
				C3EEE20979A25D96AA9905D9 /* Debug */,
				C3EEEF0B95F9D15D34D174CF /* Release */,
			);
			defaultConfigurationIsVisible = 0;
			defaultConfigurationName = Release;
		};
		C3EEEE89BE7BF16B1836B63D /* Build configuration list for PBXNativeTarget "Fracciones" */ = {
			isa = XCConfigurationList;
			buildConfigurations = (
				C3EEE3F4FFF2AE86EFBA5271 /* Debug */,
				C3EEE3F2A3D93F7BD3D300B3 /* Release */,
			);
			defaultConfigurationIsVisible = 0;
		};
/* End XCConfigurationList section */
	};
	rootObject = C3EEE2D973F24D35EF462BCB /* Project object */;
}
